
Microsoft Visual Studio Solution File, Format Version 12.00
# Visual Studio Version 16
VisualStudioVersion = 16.0.31729.503
MinimumVisualStudioVersion = 10.0.40219.1
Project("{9A19103F-16F7-4668-BE54-9A1E7A4F7556}") = "DiscordBot", "DiscordBot\DiscordBot.csproj", "{087E64F4-1E1C-4899-8223-295356C9894A}"
EndProject
Project("{9A19103F-16F7-4668-BE54-9A1E7A4F7556}") = "PluginManager", "PluginManager\PluginManager.csproj", "{EDD4D9B3-98DD-4367-A09F-D1C5ACB61132}"
EndProject
Project("{2150E333-8FDC-42A3-9474-1A3956D46DE8}") = "Plugins", "Plugins", "{1862ABD5-7C30-4F15-A561-45AC8A9CA10E}"
EndProject
Project("{2150E333-8FDC-42A3-9474-1A3956D46DE8}") = "Events", "Events", "{A290C028-77C4-4D1D-AB43-DDFE6ABD9012}"
EndProject
Project("{2150E333-8FDC-42A3-9474-1A3956D46DE8}") = "Commands", "Commands", "{449FA364-0B72-43FF-B3A3-806E2916200E}"
EndProject
Project("{9A19103F-16F7-4668-BE54-9A1E7A4F7556}") = "CMD_LevelingSystem", "CMD_LevelingSystem\CMD_LevelingSystem.csproj", "{A48E8DC6-DBA2-4B47-9D59-46F4835F82CC}"
EndProject
Project("{9A19103F-16F7-4668-BE54-9A1E7A4F7556}") = "EVE_LevelingSystem", "EVE_LevelingSystem\EVE_LevelingSystem.csproj", "{1C1E7F3D-E05A-4A87-9789-62D98904C200}"
EndProject
Project("{9A19103F-16F7-4668-BE54-9A1E7A4F7556}") = "StartupEvents", "StartupEvents\StartupEvents.csproj", "{CE9DBF06-38A0-4192-8B3E-4009210D040D}"
EndProject
Project("{9A19103F-16F7-4668-BE54-9A1E7A4F7556}") = "CMD_Utils", "CMD_Utils\CMD_Utils.csproj", "{E26C87A4-3DD6-4B58-B14B-C8E086B852F9}"
EndProject
Project("{9A19103F-16F7-4668-BE54-9A1E7A4F7556}") = "MusicCommands", "MusicCommands\MusicCommands.csproj", "{B1B4976E-5112-4217-B57B-3A03C5207B6E}"
EndProject
Global
	GlobalSection(SolutionConfigurationPlatforms) = preSolution
		Debug|Any CPU = Debug|Any CPU
		Release|Any CPU = Release|Any CPU
	EndGlobalSection
	GlobalSection(ProjectConfigurationPlatforms) = postSolution
		{087E64F4-1E1C-4899-8223-295356C9894A}.Debug|Any CPU.ActiveCfg = Debug|Any CPU
		{087E64F4-1E1C-4899-8223-295356C9894A}.Debug|Any CPU.Build.0 = Debug|Any CPU
		{087E64F4-1E1C-4899-8223-295356C9894A}.Release|Any CPU.ActiveCfg = Release|Any CPU
		{087E64F4-1E1C-4899-8223-295356C9894A}.Release|Any CPU.Build.0 = Release|Any CPU
		{EDD4D9B3-98DD-4367-A09F-D1C5ACB61132}.Debug|Any CPU.ActiveCfg = Debug|Any CPU
		{EDD4D9B3-98DD-4367-A09F-D1C5ACB61132}.Debug|Any CPU.Build.0 = Debug|Any CPU
		{EDD4D9B3-98DD-4367-A09F-D1C5ACB61132}.Release|Any CPU.ActiveCfg = Release|Any CPU
		{EDD4D9B3-98DD-4367-A09F-D1C5ACB61132}.Release|Any CPU.Build.0 = Release|Any CPU
		{A48E8DC6-DBA2-4B47-9D59-46F4835F82CC}.Debug|Any CPU.ActiveCfg = Debug|Any CPU
		{A48E8DC6-DBA2-4B47-9D59-46F4835F82CC}.Debug|Any CPU.Build.0 = Debug|Any CPU
		{A48E8DC6-DBA2-4B47-9D59-46F4835F82CC}.Release|Any CPU.ActiveCfg = Release|Any CPU
		{A48E8DC6-DBA2-4B47-9D59-46F4835F82CC}.Release|Any CPU.Build.0 = Release|Any CPU
		{1C1E7F3D-E05A-4A87-9789-62D98904C200}.Debug|Any CPU.ActiveCfg = Debug|Any CPU
		{1C1E7F3D-E05A-4A87-9789-62D98904C200}.Debug|Any CPU.Build.0 = Debug|Any CPU
		{1C1E7F3D-E05A-4A87-9789-62D98904C200}.Release|Any CPU.ActiveCfg = Release|Any CPU
		{1C1E7F3D-E05A-4A87-9789-62D98904C200}.Release|Any CPU.Build.0 = Release|Any CPU
		{CE9DBF06-38A0-4192-8B3E-4009210D040D}.Debug|Any CPU.ActiveCfg = Debug|Any CPU
		{CE9DBF06-38A0-4192-8B3E-4009210D040D}.Debug|Any CPU.Build.0 = Debug|Any CPU
		{CE9DBF06-38A0-4192-8B3E-4009210D040D}.Release|Any CPU.ActiveCfg = Release|Any CPU
		{CE9DBF06-38A0-4192-8B3E-4009210D040D}.Release|Any CPU.Build.0 = Release|Any CPU
		{E26C87A4-3DD6-4B58-B14B-C8E086B852F9}.Debug|Any CPU.ActiveCfg = Debug|Any CPU
		{E26C87A4-3DD6-4B58-B14B-C8E086B852F9}.Debug|Any CPU.Build.0 = Debug|Any CPU
		{E26C87A4-3DD6-4B58-B14B-C8E086B852F9}.Release|Any CPU.ActiveCfg = Release|Any CPU
		{E26C87A4-3DD6-4B58-B14B-C8E086B852F9}.Release|Any CPU.Build.0 = Release|Any CPU
		{B1B4976E-5112-4217-B57B-3A03C5207B6E}.Debug|Any CPU.ActiveCfg = Debug|Any CPU
		{B1B4976E-5112-4217-B57B-3A03C5207B6E}.Debug|Any CPU.Build.0 = Debug|Any CPU
		{B1B4976E-5112-4217-B57B-3A03C5207B6E}.Release|Any CPU.ActiveCfg = Release|Any CPU
		{B1B4976E-5112-4217-B57B-3A03C5207B6E}.Release|Any CPU.Build.0 = Release|Any CPU
	EndGlobalSection
	GlobalSection(SolutionProperties) = preSolution
		HideSolutionNode = FALSE
	EndGlobalSection
	GlobalSection(NestedProjects) = preSolution
		{A290C028-77C4-4D1D-AB43-DDFE6ABD9012} = {1862ABD5-7C30-4F15-A561-45AC8A9CA10E}
		{449FA364-0B72-43FF-B3A3-806E2916200E} = {1862ABD5-7C30-4F15-A561-45AC8A9CA10E}
		{A48E8DC6-DBA2-4B47-9D59-46F4835F82CC} = {449FA364-0B72-43FF-B3A3-806E2916200E}
		{1C1E7F3D-E05A-4A87-9789-62D98904C200} = {A290C028-77C4-4D1D-AB43-DDFE6ABD9012}
		{CE9DBF06-38A0-4192-8B3E-4009210D040D} = {A290C028-77C4-4D1D-AB43-DDFE6ABD9012}
		{E26C87A4-3DD6-4B58-B14B-C8E086B852F9} = {449FA364-0B72-43FF-B3A3-806E2916200E}
		{B1B4976E-5112-4217-B57B-3A03C5207B6E} = {449FA364-0B72-43FF-B3A3-806E2916200E}
	EndGlobalSection
	GlobalSection(ExtensibilityGlobals) = postSolution
		SolutionGuid = {3FB3C5DE-ED21-4D2E-ABDD-3A00EE4A2FFF}
	EndGlobalSection
EndGlobal
