Microsoft Visual Studio Solution File, Format Version 12.00
# Visual Studio Version 17
VisualStudioVersion = 17.1.32421.90
MinimumVisualStudioVersion = 10.0.40219.1
Project("{9A19103F-16F7-4668-BE54-9A1E7A4F7556}") = "DiscordBot", "DiscordBot\DiscordBot.csproj", "{087E64F4-1E1C-4899-8223-295356C9894A}"
EndProject
Project("{9A19103F-16F7-4668-BE54-9A1E7A4F7556}") = "DiscordBotCore", "DiscordBotCore\DiscordBotCore.csproj", "{5A99BFC3-EB39-4AEF-8D61-3CE22D013B02}"
EndProject
Project("{2150E333-8FDC-42A3-9474-1A3956D46DE8}") = "Plugins", "Plugins", "{5CF9AD7B-6BF0-4035-835F-722F989C01E1}"
	ProjectSection(SolutionItems) = preProject
		Plugins\README.md = Plugins\README.md
	EndProjectSection
EndProject
Project("{2150E333-8FDC-42A3-9474-1A3956D46DE8}") = "Modules", "Modules", "{EA4FA308-7B2C-458E-8485-8747D745DD59}"
	ProjectSection(SolutionItems) = preProject
		Modules\README.md = Modules\README.md
	EndProjectSection
EndProject
Project("{FAE04EC0-301F-11D3-BF4B-00C04F79EFBC}") = "CppWrapper", "Plugins\CppWrapper\CppWrapper.csproj", "{B21FC858-C397-4B0B-BFED-218EFA28E3E1}"
EndProject
Project("{FAE04EC0-301F-11D3-BF4B-00C04F79EFBC}") = "DiscordBotUI", "Plugins\DiscordBotUI\DiscordBotUI.csproj", "{E1A93D4E-A541-44B1-9DD1-FEF9B503CFD6}"
EndProject
Project("{FAE04EC0-301F-11D3-BF4B-00C04F79EFBC}") = "LevelingSystem", "Plugins\LevelingSystem\LevelingSystem.csproj", "{FCE9743F-7EB4-4639-A080-FCDDFCC7D689}"
EndProject
Project("{FAE04EC0-301F-11D3-BF4B-00C04F79EFBC}") = "MusicPlayer", "Plugins\MusicPlayer\MusicPlayer.csproj", "{F3C61A47-F758-4145-B496-E3ECCF979D89}"
EndProject
Project("{FAE04EC0-301F-11D3-BF4B-00C04F79EFBC}") = "LoggerModule", "Modules\LoggerModule\LoggerModule.csproj", "{367F3197-8B9E-4BDC-A6DE-226E721F9ED1}"
EndProject
Global
	GlobalSection(SolutionConfigurationPlatforms) = preSolution
		Debug|Any CPU = Debug|Any CPU
		Release|Any CPU = Release|Any CPU
	EndGlobalSection
	GlobalSection(ProjectConfigurationPlatforms) = postSolution
		{087E64F4-1E1C-4899-8223-295356C9894A}.Debug|Any CPU.ActiveCfg = Debug|Any CPU
		{087E64F4-1E1C-4899-8223-295356C9894A}.Debug|Any CPU.Build.0 = Debug|Any CPU
		{087E64F4-1E1C-4899-8223-295356C9894A}.Release|Any CPU.ActiveCfg = Release|Any CPU
		{087E64F4-1E1C-4899-8223-295356C9894A}.Release|Any CPU.Build.0 = Release|Any CPU
		{5A99BFC3-EB39-4AEF-8D61-3CE22D013B02}.Debug|Any CPU.ActiveCfg = Debug|Any CPU
		{5A99BFC3-EB39-4AEF-8D61-3CE22D013B02}.Debug|Any CPU.Build.0 = Debug|Any CPU
		{5A99BFC3-EB39-4AEF-8D61-3CE22D013B02}.Release|Any CPU.ActiveCfg = Release|Any CPU
		{5A99BFC3-EB39-4AEF-8D61-3CE22D013B02}.Release|Any CPU.Build.0 = Release|Any CPU
		{B21FC858-C397-4B0B-BFED-218EFA28E3E1}.Debug|Any CPU.ActiveCfg = Debug|Any CPU
		{B21FC858-C397-4B0B-BFED-218EFA28E3E1}.Debug|Any CPU.Build.0 = Debug|Any CPU
		{B21FC858-C397-4B0B-BFED-218EFA28E3E1}.Release|Any CPU.ActiveCfg = Release|Any CPU
		{B21FC858-C397-4B0B-BFED-218EFA28E3E1}.Release|Any CPU.Build.0 = Release|Any CPU
		{E1A93D4E-A541-44B1-9DD1-FEF9B503CFD6}.Debug|Any CPU.ActiveCfg = Debug|Any CPU
		{E1A93D4E-A541-44B1-9DD1-FEF9B503CFD6}.Debug|Any CPU.Build.0 = Debug|Any CPU
		{E1A93D4E-A541-44B1-9DD1-FEF9B503CFD6}.Release|Any CPU.ActiveCfg = Release|Any CPU
		{E1A93D4E-A541-44B1-9DD1-FEF9B503CFD6}.Release|Any CPU.Build.0 = Release|Any CPU
		{FCE9743F-7EB4-4639-A080-FCDDFCC7D689}.Debug|Any CPU.ActiveCfg = Debug|Any CPU
		{FCE9743F-7EB4-4639-A080-FCDDFCC7D689}.Debug|Any CPU.Build.0 = Debug|Any CPU
		{FCE9743F-7EB4-4639-A080-FCDDFCC7D689}.Release|Any CPU.ActiveCfg = Release|Any CPU
		{FCE9743F-7EB4-4639-A080-FCDDFCC7D689}.Release|Any CPU.Build.0 = Release|Any CPU
		{F3C61A47-F758-4145-B496-E3ECCF979D89}.Debug|Any CPU.ActiveCfg = Debug|Any CPU
		{F3C61A47-F758-4145-B496-E3ECCF979D89}.Debug|Any CPU.Build.0 = Debug|Any CPU
		{F3C61A47-F758-4145-B496-E3ECCF979D89}.Release|Any CPU.ActiveCfg = Release|Any CPU
		{F3C61A47-F758-4145-B496-E3ECCF979D89}.Release|Any CPU.Build.0 = Release|Any CPU
		{367F3197-8B9E-4BDC-A6DE-226E721F9ED1}.Debug|Any CPU.ActiveCfg = Debug|Any CPU
		{367F3197-8B9E-4BDC-A6DE-226E721F9ED1}.Debug|Any CPU.Build.0 = Debug|Any CPU
		{367F3197-8B9E-4BDC-A6DE-226E721F9ED1}.Release|Any CPU.ActiveCfg = Release|Any CPU
		{367F3197-8B9E-4BDC-A6DE-226E721F9ED1}.Release|Any CPU.Build.0 = Release|Any CPU
	EndGlobalSection
	GlobalSection(SolutionProperties) = preSolution
		HideSolutionNode = FALSE
	EndGlobalSection
	GlobalSection(ExtensibilityGlobals) = postSolution
		SolutionGuid = {3FB3C5DE-ED21-4D2E-ABDD-3A00EE4A2FFF}
	EndGlobalSection
	GlobalSection(NestedProjects) = preSolution
		{B21FC858-C397-4B0B-BFED-218EFA28E3E1} = {5CF9AD7B-6BF0-4035-835F-722F989C01E1}
		{E1A93D4E-A541-44B1-9DD1-FEF9B503CFD6} = {5CF9AD7B-6BF0-4035-835F-722F989C01E1}
		{FCE9743F-7EB4-4639-A080-FCDDFCC7D689} = {5CF9AD7B-6BF0-4035-835F-722F989C01E1}
		{F3C61A47-F758-4145-B496-E3ECCF979D89} = {5CF9AD7B-6BF0-4035-835F-722F989C01E1}
		{367F3197-8B9E-4BDC-A6DE-226E721F9ED1} = {EA4FA308-7B2C-458E-8485-8747D745DD59}
	EndGlobalSection
EndGlobal
